
Microsoft Visual Studio Solution File, Format Version 12.00
# Visual Studio 2013
VisualStudioVersion = 12.0.31101.0
MinimumVisualStudioVersion = 10.0.40219.1
Project("{FAE04EC0-301F-11D3-BF4B-00C04F79EFBC}") = "MyLib", "MyLib\MyLib.csproj", "{E67B3514-948B-4E85-B271-C8F92039AB67}"
EndProject
Project("{2150E333-8FDC-42A3-9474-1A3956D46DE8}") = ".nuget", ".nuget", "{54B642B2-347F-4751-B861-1668DF90D6D4}"
	ProjectSection(SolutionItems) = preProject
		.nuget\packages.config = .nuget\packages.config
	EndProjectSection
EndProject
Project("{2150E333-8FDC-42A3-9474-1A3956D46DE8}") = "Solution Items", "Solution Items", "{7600B2B4-C2B6-4AC9-9665-9C26B3BA3E42}"
	ProjectSection(SolutionItems) = preProject
		ReadMe.md = ReadMe.md
		packages\repositories.config = packages\repositories.config
		solution.targets = solution.targets
		SolutionInfo.cs = SolutionInfo.cs
		VersionInfo.g.cs = VersionInfo.g.cs
	EndProjectSection
EndProject
Project("{FAE04EC0-301F-11D3-BF4B-00C04F79EFBC}") = "MyApp", "MyApp\MyApp.csproj", "{0471067F-C11C-4D60-90A0-DE0B5E2864E6}"
EndProject
Project("{2150E333-8FDC-42A3-9474-1A3956D46DE8}") = ".build", ".build", "{73075679-9D33-4F3E-8ED4-73261F88F90B}"
	ProjectSection(SolutionItems) = preProject
		build.bat = build.bat
		Build.proj = Build.proj
		.build\build.targets = .build\build.targets
		.build\MSBuild.Community.Tasks.dll = .build\MSBuild.Community.Tasks.dll
		.build\MSBuild.Community.Tasks.targets = .build\MSBuild.Community.Tasks.targets
	EndProjectSection
EndProject
Project("{FAE04EC0-301F-11D3-BF4B-00C04F79EFBC}") = "OneClickBuild", "OneClickBuild\OneClickBuild.csproj", "{02B527C6-BE5E-4245-8B08-6D11E5825986}"
EndProject
Global
	GlobalSection(SolutionConfigurationPlatforms) = preSolution
		Debug|Any CPU = Debug|Any CPU
		Release|Any CPU = Release|Any CPU
	EndGlobalSection
	GlobalSection(ProjectConfigurationPlatforms) = postSolution
		{E67B3514-948B-4E85-B271-C8F92039AB67}.Debug|Any CPU.ActiveCfg = Debug|Any CPU
		{E67B3514-948B-4E85-B271-C8F92039AB67}.Debug|Any CPU.Build.0 = Debug|Any CPU
		{E67B3514-948B-4E85-B271-C8F92039AB67}.Release|Any CPU.ActiveCfg = Release|Any CPU
		{E67B3514-948B-4E85-B271-C8F92039AB67}.Release|Any CPU.Build.0 = Release|Any CPU
		{0471067F-C11C-4D60-90A0-DE0B5E2864E6}.Debug|Any CPU.ActiveCfg = Debug|Any CPU
		{0471067F-C11C-4D60-90A0-DE0B5E2864E6}.Debug|Any CPU.Build.0 = Debug|Any CPU
		{0471067F-C11C-4D60-90A0-DE0B5E2864E6}.Release|Any CPU.ActiveCfg = Release|Any CPU
		{0471067F-C11C-4D60-90A0-DE0B5E2864E6}.Release|Any CPU.Build.0 = Release|Any CPU
		{02B527C6-BE5E-4245-8B08-6D11E5825986}.Debug|Any CPU.ActiveCfg = Debug|Any CPU
		{02B527C6-BE5E-4245-8B08-6D11E5825986}.Debug|Any CPU.Build.0 = Debug|Any CPU
		{02B527C6-BE5E-4245-8B08-6D11E5825986}.Release|Any CPU.ActiveCfg = Release|Any CPU
		{02B527C6-BE5E-4245-8B08-6D11E5825986}.Release|Any CPU.Build.0 = Release|Any CPU
	EndGlobalSection
	GlobalSection(SolutionProperties) = preSolution
		HideSolutionNode = FALSE
	EndGlobalSection
EndGlobal
